
Microsoft Visual Studio Solution File, Format Version 12.00
# Visual Studio 15
VisualStudioVersion = 15.0.26228.4
MinimumVisualStudioVersion = 10.0.40219.1
Project("{FAE04EC0-301F-11D3-BF4B-00C04F79EFBC}") = "TestParams", "TestParams\TestParams.csproj", "{58E4F5B2-7271-42B3-8F92-F43BC6B8AC69}"
EndProject
Global
	GlobalSection(SolutionConfigurationPlatforms) = preSolution
		Debug|Any CPU = Debug|Any CPU
		Release|Any CPU = Release|Any CPU
	EndGlobalSection
	GlobalSection(ProjectConfigurationPlatforms) = postSolution
		{58E4F5B2-7271-42B3-8F92-F43BC6B8AC69}.Debug|Any CPU.ActiveCfg = Debug|Any CPU
		{58E4F5B2-7271-42B3-8F92-F43BC6B8AC69}.Debug|Any CPU.Build.0 = Debug|Any CPU
		{58E4F5B2-7271-42B3-8F92-F43BC6B8AC69}.Release|Any CPU.ActiveCfg = Release|Any CPU
		{58E4F5B2-7271-42B3-8F92-F43BC6B8AC69}.Release|Any CPU.Build.0 = Release|Any CPU
	EndGlobalSection
	GlobalSection(SolutionProperties) = preSolution
		HideSolutionNode = FALSE
	EndGlobalSection
EndGlobal
